dependencies:
- name: helm-product
  repository: oci://ghcr.io/onecx/charts
  version: 0.4.0
- name: onecx-example-custom-auth-bff
  repository: oci://ghcr.io/onecx/charts
  version: 0.0.0-rc.20
- name: onecx-example-custom-auth-ui
  repository: oci://ghcr.io/onecx/charts
  version: 0.0.0-rc.14
digest: sha256:5fff738b403bd42543acfc7584722c132a270d7f5816b1db3c8bfcd9a3413e54
generated: "2025-11-24T11:10:42.466763701Z"
