dependencies:
- name: helm-product
  repository: oci://ghcr.io/onecx/charts
  version: 0.3.0
- name: onecx-example-custom-auth-bff
  repository: oci://ghcr.io/onecx/charts
  version: 0.0.0-rc.9
- name: onecx-example-custom-auth-ui
  repository: oci://ghcr.io/onecx/charts
  version: 0.0.0-rc.3
digest: sha256:1751ad97e1cb33cc932d6a799df2f2f842d57e96a461bca83e5b6409fbc6071a
generated: "2025-08-06T11:20:30.597400848Z"
