dependencies:
- name: helm-product
  repository: oci://ghcr.io/onecx/charts
  version: 0.4.0
- name: onecx-example-custom-auth-bff
  repository: oci://ghcr.io/onecx/charts
  version: 0.0.0-rc.22
- name: onecx-example-custom-auth-ui
  repository: oci://ghcr.io/onecx/charts
  version: 0.0.0-rc.15
digest: sha256:8e613e35769b7464687391c97a3c8080a46fcde15dbf8fa72c02102b01ebb738
generated: "2025-12-10T14:10:43.081031927Z"
